// !$*UTF8*$!
{
	archiveVersion = 1;
	classes = {
	};
	objectVersion = 46;
	objects = {

/* Begin PBXBuildFile section */
		A596A7C71F51BCF900FEA926 /* AppDelegate.swift in Sources */ = {isa = PBXBuildFile; fileRef = A596A7C61F51BCF900FEA926 /* AppDelegate.swift */; };
		A596A7CE1F51BCF900FEA926 /* Assets.xcassets in Resources */ = {isa = PBXBuildFile; fileRef = A596A7CD1F51BCF900FEA926 /* Assets.xcassets */; };
		A596A7DC1F51BCF900FEA926 /* RetailStoreTests.swift in Sources */ = {isa = PBXBuildFile; fileRef = A596A7DB1F51BCF900FEA926 /* RetailStoreTests.swift */; };
		A596A7E81F51BE9700FEA926 /* ProductsController.swift in Sources */ = {isa = PBXBuildFile; fileRef = A596A7E61F51BE9700FEA926 /* ProductsController.swift */; };
		A596A7E91F51BE9700FEA926 /* Products.xib in Resources */ = {isa = PBXBuildFile; fileRef = A596A7E71F51BE9700FEA926 /* Products.xib */; };
		A596A7EC1F51C06500FEA926 /* ProductSummaryCell.swift in Sources */ = {isa = PBXBuildFile; fileRef = A596A7EA1F51C06500FEA926 /* ProductSummaryCell.swift */; };
		A596A7ED1F51C06500FEA926 /* ProductSummaryCell.xib in Resources */ = {isa = PBXBuildFile; fileRef = A596A7EB1F51C06500FEA926 /* ProductSummaryCell.xib */; };
		A596A7F21F51C45F00FEA926 /* UITableViewExtension.swift in Sources */ = {isa = PBXBuildFile; fileRef = A596A7F11F51C45F00FEA926 /* UITableViewExtension.swift */; };
/* End PBXBuildFile section */

/* Begin PBXContainerItemProxy section */
		A596A7D81F51BCF900FEA926 /* PBXContainerItemProxy */ = {
			isa = PBXContainerItemProxy;
			containerPortal = A596A7BB1F51BCF900FEA926 /* Project object */;
			proxyType = 1;
			remoteGlobalIDString = A596A7C21F51BCF900FEA926;
			remoteInfo = RetailStore;
		};
/* End PBXContainerItemProxy section */

/* Begin PBXFileReference section */
		A596A7C31F51BCF900FEA926 /* RetailStore.app */ = {isa = PBXFileReference; explicitFileType = wrapper.application; includeInIndex = 0; path = RetailStore.app; sourceTree = BUILT_PRODUCTS_DIR; };
		A596A7C61F51BCF900FEA926 /* AppDelegate.swift */ = {isa = PBXFileReference; lastKnownFileType = sourcecode.swift; path = AppDelegate.swift; sourceTree = "<group>"; };
		A596A7CD1F51BCF900FEA926 /* Assets.xcassets */ = {isa = PBXFileReference; lastKnownFileType = folder.assetcatalog; path = Assets.xcassets; sourceTree = "<group>"; };
		A596A7D21F51BCF900FEA926 /* Info.plist */ = {isa = PBXFileReference; lastKnownFileType = text.plist.xml; path = Info.plist; sourceTree = "<group>"; };
		A596A7D71F51BCF900FEA926 /* RetailStoreTests.xctest */ = {isa = PBXFileReference; explicitFileType = wrapper.cfbundle; includeInIndex = 0; path = RetailStoreTests.xctest; sourceTree = BUILT_PRODUCTS_DIR; };
		A596A7DB1F51BCF900FEA926 /* RetailStoreTests.swift */ = {isa = PBXFileReference; lastKnownFileType = sourcecode.swift; path = RetailStoreTests.swift; sourceTree = "<group>"; };
		A596A7DD1F51BCF900FEA926 /* Info.plist */ = {isa = PBXFileReference; lastKnownFileType = text.plist.xml; path = Info.plist; sourceTree = "<group>"; };
		A596A7E61F51BE9700FEA926 /* ProductsController.swift */ = {isa = PBXFileReference; fileEncoding = 4; lastKnownFileType = sourcecode.swift; path = ProductsController.swift; sourceTree = "<group>"; };
		A596A7E71F51BE9700FEA926 /* Products.xib */ = {isa = PBXFileReference; fileEncoding = 4; lastKnownFileType = file.xib; path = Products.xib; sourceTree = "<group>"; };
		A596A7EA1F51C06500FEA926 /* ProductSummaryCell.swift */ = {isa = PBXFileReference; fileEncoding = 4; lastKnownFileType = sourcecode.swift; path = ProductSummaryCell.swift; sourceTree = "<group>"; };
		A596A7EB1F51C06500FEA926 /* ProductSummaryCell.xib */ = {isa = PBXFileReference; fileEncoding = 4; lastKnownFileType = file.xib; path = ProductSummaryCell.xib; sourceTree = "<group>"; };
		A596A7F11F51C45F00FEA926 /* UITableViewExtension.swift */ = {isa = PBXFileReference; fileEncoding = 4; lastKnownFileType = sourcecode.swift; path = UITableViewExtension.swift; sourceTree = "<group>"; };
/* End PBXFileReference section */

/* Begin PBXFrameworksBuildPhase section */
		A596A7C01F51BCF900FEA926 /* Frameworks */ = {
			isa = PBXFrameworksBuildPhase;
			buildActionMask = 2147483647;
			files = (
			);
			runOnlyForDeploymentPostprocessing = 0;
		};
		A596A7D41F51BCF900FEA926 /* Frameworks */ = {
			isa = PBXFrameworksBuildPhase;
			buildActionMask = 2147483647;
			files = (
			);
			runOnlyForDeploymentPostprocessing = 0;
		};
/* End PBXFrameworksBuildPhase section */

/* Begin PBXGroup section */
		A596A7BA1F51BCF900FEA926 = {
			isa = PBXGroup;
			children = (
				A596A7C51F51BCF900FEA926 /* RetailStore */,
				A596A7DA1F51BCF900FEA926 /* RetailStoreTests */,
				A596A7C41F51BCF900FEA926 /* Products */,
			);
			sourceTree = "<group>";
		};
		A596A7C41F51BCF900FEA926 /* Products */ = {
			isa = PBXGroup;
			children = (
				A596A7C31F51BCF900FEA926 /* RetailStore.app */,
				A596A7D71F51BCF900FEA926 /* RetailStoreTests.xctest */,
			);
			name = Products;
			sourceTree = "<group>";
		};
		A596A7C51F51BCF900FEA926 /* RetailStore */ = {
			isa = PBXGroup;
			children = (
				A596A7F01F51C44F00FEA926 /* extensions */,
				A596A7C61F51BCF900FEA926 /* AppDelegate.swift */,
				A596A7CD1F51BCF900FEA926 /* Assets.xcassets */,
				A596A7D21F51BCF900FEA926 /* Info.plist */,
				A596A7EF1F51C3BA00FEA926 /* controllers */,
				A596A7EE1F51C3AE00FEA926 /* views */,
			);
			path = RetailStore;
			sourceTree = "<group>";
		};
		A596A7DA1F51BCF900FEA926 /* RetailStoreTests */ = {
			isa = PBXGroup;
			children = (
				A596A7DB1F51BCF900FEA926 /* RetailStoreTests.swift */,
				A596A7DD1F51BCF900FEA926 /* Info.plist */,
			);
			path = RetailStoreTests;
			sourceTree = "<group>";
		};
		A596A7EE1F51C3AE00FEA926 /* views */ = {
			isa = PBXGroup;
			children = (
				A596A7EA1F51C06500FEA926 /* ProductSummaryCell.swift */,
				A596A7EB1F51C06500FEA926 /* ProductSummaryCell.xib */,
				A596A7E71F51BE9700FEA926 /* Products.xib */,
			);
			name = views;
			sourceTree = "<group>";
		};
		A596A7EF1F51C3BA00FEA926 /* controllers */ = {
			isa = PBXGroup;
			children = (
				A596A7E61F51BE9700FEA926 /* ProductsController.swift */,
			);
			name = controllers;
			sourceTree = "<group>";
		};
		A596A7F01F51C44F00FEA926 /* extensions */ = {
			isa = PBXGroup;
			children = (
				A596A7F11F51C45F00FEA926 /* UITableViewExtension.swift */,
			);
			name = extensions;
			sourceTree = "<group>";
		};
/* End PBXGroup section */

/* Begin PBXNativeTarget section */
		A596A7C21F51BCF900FEA926 /* RetailStore */ = {
			isa = PBXNativeTarget;
			buildConfigurationList = A596A7E01F51BCF900FEA926 /* Build configuration list for PBXNativeTarget "RetailStore" */;
			buildPhases = (
				A596A7BF1F51BCF900FEA926 /* Sources */,
				A596A7C01F51BCF900FEA926 /* Frameworks */,
				A596A7C11F51BCF900FEA926 /* Resources */,
			);
			buildRules = (
			);
			dependencies = (
			);
			name = RetailStore;
			productName = RetailStore;
			productReference = A596A7C31F51BCF900FEA926 /* RetailStore.app */;
			productType = "com.apple.product-type.application";
		};
		A596A7D61F51BCF900FEA926 /* RetailStoreTests */ = {
			isa = PBXNativeTarget;
			buildConfigurationList = A596A7E31F51BCF900FEA926 /* Build configuration list for PBXNativeTarget "RetailStoreTests" */;
			buildPhases = (
				A596A7D31F51BCF900FEA926 /* Sources */,
				A596A7D41F51BCF900FEA926 /* Frameworks */,
				A596A7D51F51BCF900FEA926 /* Resources */,
			);
			buildRules = (
			);
			dependencies = (
				A596A7D91F51BCF900FEA926 /* PBXTargetDependency */,
			);
			name = RetailStoreTests;
			productName = RetailStoreTests;
			productReference = A596A7D71F51BCF900FEA926 /* RetailStoreTests.xctest */;
			productType = "com.apple.product-type.bundle.unit-test";
		};
/* End PBXNativeTarget section */

/* Begin PBXProject section */
		A596A7BB1F51BCF900FEA926 /* Project object */ = {
			isa = PBXProject;
			attributes = {
				LastSwiftUpdateCheck = 0830;
				LastUpgradeCheck = 0830;
				ORGANIZATIONNAME = "Swapnil Sankla";
				TargetAttributes = {
					A596A7C21F51BCF900FEA926 = {
						CreatedOnToolsVersion = 8.3.3;
						ProvisioningStyle = Automatic;
					};
					A596A7D61F51BCF900FEA926 = {
						CreatedOnToolsVersion = 8.3.3;
						ProvisioningStyle = Automatic;
						TestTargetID = A596A7C21F51BCF900FEA926;
					};
				};
			};
			buildConfigurationList = A596A7BE1F51BCF900FEA926 /* Build configuration list for PBXProject "RetailStore" */;
			compatibilityVersion = "Xcode 3.2";
			developmentRegion = English;
			hasScannedForEncodings = 0;
			knownRegions = (
				en,
				Base,
			);
			mainGroup = A596A7BA1F51BCF900FEA926;
			productRefGroup = A596A7C41F51BCF900FEA926 /* Products */;
			projectDirPath = "";
			projectRoot = "";
			targets = (
				A596A7C21F51BCF900FEA926 /* RetailStore */,
				A596A7D61F51BCF900FEA926 /* RetailStoreTests */,
			);
		};
/* End PBXProject section */

/* Begin PBXResourcesBuildPhase section */
		A596A7C11F51BCF900FEA926 /* Resources */ = {
			isa = PBXResourcesBuildPhase;
			buildActionMask = 2147483647;
			files = (
				A596A7ED1F51C06500FEA926 /* ProductSummaryCell.xib in Resources */,
				A596A7CE1F51BCF900FEA926 /* Assets.xcassets in Resources */,
				A596A7E91F51BE9700FEA926 /* Products.xib in Resources */,
			);
			runOnlyForDeploymentPostprocessing = 0;
		};
		A596A7D51F51BCF900FEA926 /* Resources */ = {
			isa = PBXResourcesBuildPhase;
			buildActionMask = 2147483647;
			files = (
			);
			runOnlyForDeploymentPostprocessing = 0;
		};
/* End PBXResourcesBuildPhase section */

/* Begin PBXSourcesBuildPhase section */
		A596A7BF1F51BCF900FEA926 /* Sources */ = {
			isa = PBXSourcesBuildPhase;
			buildActionMask = 2147483647;
			files = (
				A596A7EC1F51C06500FEA926 /* ProductSummaryCell.swift in Sources */,
				A596A7C71F51BCF900FEA926 /* AppDelegate.swift in Sources */,
				A596A7E81F51BE9700FEA926 /* ProductsController.swift in Sources */,
				A596A7F21F51C45F00FEA926 /* UITableViewExtension.swift in Sources */,
			);
			runOnlyForDeploymentPostprocessing = 0;
		};
		A596A7D31F51BCF900FEA926 /* Sources */ = {
			isa = PBXSourcesBuildPhase;
			buildActionMask = 2147483647;
			files = (
				A596A7DC1F51BCF900FEA926 /* RetailStoreTests.swift in Sources */,
			);
			runOnlyForDeploymentPostprocessing = 0;
		};
/* End PBXSourcesBuildPhase section */

/* Begin PBXTargetDependency section */
		A596A7D91F51BCF900FEA926 /* PBXTargetDependency */ = {
			isa = PBXTargetDependency;
			target = A596A7C21F51BCF900FEA926 /* RetailStore */;
			targetProxy = A596A7D81F51BCF900FEA926 /* PBXContainerItemProxy */;
		};
/* End PBXTargetDependency section */

/* Begin XCBuildConfiguration section */
		A596A7DE1F51BCF900FEA926 /* Debug */ = {
			isa = XCBuildConfiguration;
			buildSettings = {
				ALWAYS_SEARCH_USER_PATHS = NO;
				CLANG_ANALYZER_NONNULL = YES;
				CLANG_ANALYZER_NUMBER_OBJECT_CONVERSION = YES_AGGRESSIVE;
				CLANG_CXX_LANGUAGE_STANDARD = "gnu++0x";
				CLANG_CXX_LIBRARY = "libc++";
				CLANG_ENABLE_MODULES = YES;
				CLANG_ENABLE_OBJC_ARC = YES;
				CLANG_WARN_BOOL_CONVERSION = YES;
				CLANG_WARN_CONSTANT_CONVERSION = YES;
				CLANG_WARN_DIRECT_OBJC_ISA_USAGE = YES_ERROR;
				CLANG_WARN_DOCUMENTATION_COMMENTS = YES;
				CLANG_WARN_EMPTY_BODY = YES;
				CLANG_WARN_ENUM_CONVERSION = YES;
				CLANG_WARN_INFINITE_RECURSION = YES;
				CLANG_WARN_INT_CONVERSION = YES;
				CLANG_WARN_OBJC_ROOT_CLASS = YES_ERROR;
				CLANG_WARN_SUSPICIOUS_MOVE = YES;
				CLANG_WARN_UNREACHABLE_CODE = YES;
				CLANG_WARN__DUPLICATE_METHOD_MATCH = YES;
				"CODE_SIGN_IDENTITY[sdk=iphoneos*]" = "iPhone Developer";
				COPY_PHASE_STRIP = NO;
				DEBUG_INFORMATION_FORMAT = dwarf;
				ENABLE_STRICT_OBJC_MSGSEND = YES;
				ENABLE_TESTABILITY = YES;
				GCC_C_LANGUAGE_STANDARD = gnu99;
				GCC_DYNAMIC_NO_PIC = NO;
				GCC_NO_COMMON_BLOCKS = YES;
				GCC_OPTIMIZATION_LEVEL = 0;
				GCC_PREPROCESSOR_DEFINITIONS = (
					"DEBUG=1",
					"$(inherited)",
				);
				GCC_WARN_64_TO_32_BIT_CONVERSION = YES;
				GCC_WARN_ABOUT_RETURN_TYPE = YES_ERROR;
				GCC_WARN_UNDECLARED_SELECTOR = YES;
				GCC_WARN_UNINITIALIZED_AUTOS = YES_AGGRESSIVE;
				GCC_WARN_UNUSED_FUNCTION = YES;
				GCC_WARN_UNUSED_VARIABLE = YES;
				IPHONEOS_DEPLOYMENT_TARGET = 10.3;
				MTL_ENABLE_DEBUG_INFO = YES;
				ONLY_ACTIVE_ARCH = YES;
				SDKROOT = iphoneos;
				SWIFT_ACTIVE_COMPILATION_CONDITIONS = DEBUG;
				SWIFT_OPTIMIZATION_LEVEL = "-Onone";
				TARGETED_DEVICE_FAMILY = "1,2";
			};
			name = Debug;
		};
		A596A7DF1F51BCF900FEA926 /* Release */ = {
			isa = XCBuildConfiguration;
			buildSettings = {
				ALWAYS_SEARCH_USER_PATHS = NO;
				CLANG_ANALYZER_NONNULL = YES;
				CLANG_ANALYZER_NUMBER_OBJECT_CONVERSION = YES_AGGRESSIVE;
				CLANG_CXX_LANGUAGE_STANDARD = "gnu++0x";
				CLANG_CXX_LIBRARY = "libc++";
				CLANG_ENABLE_MODULES = YES;
				CLANG_ENABLE_OBJC_ARC = YES;
				CLANG_WARN_BOOL_CONVERSION = YES;
				CLANG_WARN_CONSTANT_CONVERSION = YES;
				CLANG_WARN_DIRECT_OBJC_ISA_USAGE = YES_ERROR;
				CLANG_WARN_DOCUMENTATION_COMMENTS = YES;
				CLANG_WARN_EMPTY_BODY = YES;
				CLANG_WARN_ENUM_CONVERSION = YES;
				CLANG_WARN_INFINITE_RECURSION = YES;
				CLANG_WARN_INT_CONVERSION = YES;
				CLANG_WARN_OBJC_ROOT_CLASS = YES_ERROR;
				CLANG_WARN_SUSPICIOUS_MOVE = YES;
				CLANG_WARN_UNREACHABLE_CODE = YES;
				CLANG_WARN__DUPLICATE_METHOD_MATCH = YES;
				"CODE_SIGN_IDENTITY[sdk=iphoneos*]" = "iPhone Developer";
				COPY_PHASE_STRIP = NO;
				DEBUG_INFORMATION_FORMAT = "dwarf-with-dsym";
				ENABLE_NS_ASSERTIONS = NO;
				ENABLE_STRICT_OBJC_MSGSEND = YES;
				GCC_C_LANGUAGE_STANDARD = gnu99;
				GCC_NO_COMMON_BLOCKS = YES;
				GCC_WARN_64_TO_32_BIT_CONVERSION = YES;
				GCC_WARN_ABOUT_RETURN_TYPE = YES_ERROR;
				GCC_WARN_UNDECLARED_SELECTOR = YES;
				GCC_WARN_UNINITIALIZED_AUTOS = YES_AGGRESSIVE;
				GCC_WARN_UNUSED_FUNCTION = YES;
				GCC_WARN_UNUSED_VARIABLE = YES;
				IPHONEOS_DEPLOYMENT_TARGET = 10.3;
				MTL_ENABLE_DEBUG_INFO = NO;
				SDKROOT = iphoneos;
				SWIFT_OPTIMIZATION_LEVEL = "-Owholemodule";
				TARGETED_DEVICE_FAMILY = "1,2";
				VALIDATE_PRODUCT = YES;
			};
			name = Release;
		};
		A596A7E11F51BCF900FEA926 /* Debug */ = {
			isa = XCBuildConfiguration;
			buildSettings = {
				ASSETCATALOG_COMPILER_APPICON_NAME = AppIcon;
				INFOPLIST_FILE = RetailStore/Info.plist;
				LD_RUNPATH_SEARCH_PATHS = "$(inherited) @executable_path/Frameworks";
				PRODUCT_BUNDLE_IDENTIFIER = sankla.swapnil.RetailStore;
				PRODUCT_NAME = "$(TARGET_NAME)";
				SWIFT_VERSION = 3.0;
			};
			name = Debug;
		};
		A596A7E21F51BCF900FEA926 /* Release */ = {
			isa = XCBuildConfiguration;
			buildSettings = {
				ASSETCATALOG_COMPILER_APPICON_NAME = AppIcon;
				INFOPLIST_FILE = RetailStore/Info.plist;
				LD_RUNPATH_SEARCH_PATHS = "$(inherited) @executable_path/Frameworks";
				PRODUCT_BUNDLE_IDENTIFIER = sankla.swapnil.RetailStore;
				PRODUCT_NAME = "$(TARGET_NAME)";
				SWIFT_VERSION = 3.0;
			};
			name = Release;
		};
		A596A7E41F51BCF900FEA926 /* Debug */ = {
			isa = XCBuildConfiguration;
			buildSettings = {
				ALWAYS_EMBED_SWIFT_STANDARD_LIBRARIES = YES;
				BUNDLE_LOADER = "$(TEST_HOST)";
				INFOPLIST_FILE = RetailStoreTests/Info.plist;
				LD_RUNPATH_SEARCH_PATHS = "$(inherited) @executable_path/Frameworks @loader_path/Frameworks";
				PRODUCT_BUNDLE_IDENTIFIER = sankla.swapnil.RetailStoreTests;
				PRODUCT_NAME = "$(TARGET_NAME)";
				SWIFT_VERSION = 3.0;
				TEST_HOST = "$(BUILT_PRODUCTS_DIR)/RetailStore.app/RetailStore";
			};
			name = Debug;
		};
		A596A7E51F51BCF900FEA926 /* Release */ = {
			isa = XCBuildConfiguration;
			buildSettings = {
				ALWAYS_EMBED_SWIFT_STANDARD_LIBRARIES = YES;
				BUNDLE_LOADER = "$(TEST_HOST)";
				INFOPLIST_FILE = RetailStoreTests/Info.plist;
				LD_RUNPATH_SEARCH_PATHS = "$(inherited) @executable_path/Frameworks @loader_path/Frameworks";
				PRODUCT_BUNDLE_IDENTIFIER = sankla.swapnil.RetailStoreTests;
				PRODUCT_NAME = "$(TARGET_NAME)";
				SWIFT_VERSION = 3.0;
				TEST_HOST = "$(BUILT_PRODUCTS_DIR)/RetailStore.app/RetailStore";
			};
			name = Release;
		};
/* End XCBuildConfiguration section */

/* Begin XCConfigurationList section */
		A596A7BE1F51BCF900FEA926 /* Build configuration list for PBXProject "RetailStore" */ = {
			isa = XCConfigurationList;
			buildConfigurations = (
				A596A7DE1F51BCF900FEA926 /* Debug */,
				A596A7DF1F51BCF900FEA926 /* Release */,
			);
			defaultConfigurationIsVisible = 0;
			defaultConfigurationName = Release;
		};
		A596A7E01F51BCF900FEA926 /* Build configuration list for PBXNativeTarget "RetailStore" */ = {
			isa = XCConfigurationList;
			buildConfigurations = (
				A596A7E11F51BCF900FEA926 /* Debug */,
				A596A7E21F51BCF900FEA926 /* Release */,
			);
			defaultConfigurationIsVisible = 0;
		};
		A596A7E31F51BCF900FEA926 /* Build configuration list for PBXNativeTarget "RetailStoreTests" */ = {
			isa = XCConfigurationList;
			buildConfigurations = (
				A596A7E41F51BCF900FEA926 /* Debug */,
				A596A7E51F51BCF900FEA926 /* Release */,
			);
			defaultConfigurationIsVisible = 0;
		};
/* End XCConfigurationList section */
	};
	rootObject = A596A7BB1F51BCF900FEA926 /* Project object */;
}
